{
  "name": "silent-sass",
  "version": "0.1.2",
  "lockfileVersion": 1,
  "requires": true,
  "dependencies": {
    "modular-scale": {
      "version": "4.4.1",
      "resolved": "https://registry.npmjs.org/modular-scale/-/modular-scale-4.4.1.tgz",
      "integrity": "sha1-ncB8sXCrm1NoOLx3UOY/xsw3JOA="
    },
    "modularscale-sass": {
      "version": "3.0.10",
      "resolved": "https://registry.npmjs.org/modularscale-sass/-/modularscale-sass-3.0.10.tgz",
      "integrity": "sha512-ppbMfcXC+ESpqk1s8BfqsuY85DTAJdoPLxrYFohAUjg3r9eh2CBm2Wn7+JAh26DbRpAHynRt3a8ma2FOfk7JGA=="
    },
    "normalize.css": {
      "version": "8.0.1",
      "resolved": "https://registry.npmjs.org/normalize.css/-/normalize.css-8.0.1.tgz",
      "integrity": "sha512-qizSNPO93t1YUuUhP22btGOo3chcvDFqFaj2TRybP0DMxkHOCTYwp3n34fel4a31ORXy4m1Xq0Gyqpb5m33qIg=="
    }
  }
}
