{
  "name": "silent-sass",
  "version": "0.1.3",
  "lockfileVersion": 2,
  "requires": true,
  "packages": {
    "": {
      "name": "silent-sass",
      "version": "0.1.3",
      "license": "MIT",
      "dependencies": {
        "modular-scale": "^4.4.1",
        "normalize.css": "^8.0.0"
      },
      "devDependencies": {
        "modularscale-sass": "^3.0.10"
      }
    },
    "node_modules/modular-scale": {
      "version": "4.4.1",
      "resolved": "https://registry.npmjs.org/modular-scale/-/modular-scale-4.4.1.tgz",
      "integrity": "sha1-ncB8sXCrm1NoOLx3UOY/xsw3JOA="
    },
    "node_modules/modularscale-sass": {
      "version": "3.0.10",
      "resolved": "https://registry.npmjs.org/modularscale-sass/-/modularscale-sass-3.0.10.tgz",
      "integrity": "sha512-ppbMfcXC+ESpqk1s8BfqsuY85DTAJdoPLxrYFohAUjg3r9eh2CBm2Wn7+JAh26DbRpAHynRt3a8ma2FOfk7JGA==",
      "dev": true
    },
    "node_modules/normalize.css": {
      "version": "8.0.1",
      "resolved": "https://registry.npmjs.org/normalize.css/-/normalize.css-8.0.1.tgz",
      "integrity": "sha512-qizSNPO93t1YUuUhP22btGOo3chcvDFqFaj2TRybP0DMxkHOCTYwp3n34fel4a31ORXy4m1Xq0Gyqpb5m33qIg=="
    }
  },
  "dependencies": {
    "modular-scale": {
      "version": "4.4.1",
      "resolved": "https://registry.npmjs.org/modular-scale/-/modular-scale-4.4.1.tgz",
      "integrity": "sha1-ncB8sXCrm1NoOLx3UOY/xsw3JOA="
    },
    "modularscale-sass": {
      "version": "3.0.10",
      "resolved": "https://registry.npmjs.org/modularscale-sass/-/modularscale-sass-3.0.10.tgz",
      "integrity": "sha512-ppbMfcXC+ESpqk1s8BfqsuY85DTAJdoPLxrYFohAUjg3r9eh2CBm2Wn7+JAh26DbRpAHynRt3a8ma2FOfk7JGA==",
      "dev": true
    },
    "normalize.css": {
      "version": "8.0.1",
      "resolved": "https://registry.npmjs.org/normalize.css/-/normalize.css-8.0.1.tgz",
      "integrity": "sha512-qizSNPO93t1YUuUhP22btGOo3chcvDFqFaj2TRybP0DMxkHOCTYwp3n34fel4a31ORXy4m1Xq0Gyqpb5m33qIg=="
    }
  }
}
